
Microsoft Visual Studio Solution File, Format Version 12.00
# Visual Studio Version 16
VisualStudioVersion = 16.0.31229.75
MinimumVisualStudioVersion = 10.0.40219.1
Project("{FAE04EC0-301F-11D3-BF4B-00C04F79EFBC}") = "Sistematico", "Sistematico\Sistematico.csproj", "{DF9F93AC-2ECF-411B-8B6D-CFA38C37C9D3}"
EndProject
Global
	GlobalSection(SolutionConfigurationPlatforms) = preSolution
		Debug|Any CPU = Debug|Any CPU
		Release|Any CPU = Release|Any CPU
	EndGlobalSection
	GlobalSection(ProjectConfigurationPlatforms) = postSolution
		{DF9F93AC-2ECF-411B-8B6D-CFA38C37C9D3}.Debug|Any CPU.ActiveCfg = Debug|Any CPU
		{DF9F93AC-2ECF-411B-8B6D-CFA38C37C9D3}.Debug|Any CPU.Build.0 = Debug|Any CPU
		{DF9F93AC-2ECF-411B-8B6D-CFA38C37C9D3}.Release|Any CPU.ActiveCfg = Release|Any CPU
		{DF9F93AC-2ECF-411B-8B6D-CFA38C37C9D3}.Release|Any CPU.Build.0 = Release|Any CPU
	EndGlobalSection
	GlobalSection(SolutionProperties) = preSolution
		HideSolutionNode = FALSE
	EndGlobalSection
	GlobalSection(ExtensibilityGlobals) = postSolution
		SolutionGuid = {BB554BA7-56E0-465A-BE04-267C207E7A6E}
	EndGlobalSection
EndGlobal
